
Microsoft Visual Studio Solution File, Format Version 12.00
# Visual Studio Version 17
VisualStudioVersion = 17.7.34031.279
MinimumVisualStudioVersion = 10.0.40219.1
Project("{9A19103F-16F7-4668-BE54-9A1E7A4F7556}") = "TP3", "TP3.csproj", "{00A91075-1096-444C-B71C-B32890A188EC}"
EndProject
Global
	GlobalSection(SolutionConfigurationPlatforms) = preSolution
		Debug|Any CPU = Debug|Any CPU
		Release|Any CPU = Release|Any CPU
	EndGlobalSection
	GlobalSection(ProjectConfigurationPlatforms) = postSolution
		{00A91075-1096-444C-B71C-B32890A188EC}.Debug|Any CPU.ActiveCfg = Debug|Any CPU
		{00A91075-1096-444C-B71C-B32890A188EC}.Debug|Any CPU.Build.0 = Debug|Any CPU
		{00A91075-1096-444C-B71C-B32890A188EC}.Release|Any CPU.ActiveCfg = Release|Any CPU
		{00A91075-1096-444C-B71C-B32890A188EC}.Release|Any CPU.Build.0 = Release|Any CPU
	EndGlobalSection
	GlobalSection(SolutionProperties) = preSolution
		HideSolutionNode = FALSE
	EndGlobalSection
	GlobalSection(ExtensibilityGlobals) = postSolution
		SolutionGuid = {64AA2EFF-9C60-422E-85F4-9654E072A6C0}
	EndGlobalSection
EndGlobal
